# THIS IS AN AUTOGENERATED FILE. DO NOT EDIT THIS FILE DIRECTLY.
# yarn lockfile v1


"@sindresorhus/is@^0.6.0":
  version "0.6.0"
  resolved "https://registry.yarnpkg.com/@sindresorhus/is/-/is-0.6.0.tgz#383f456b26bc96c7889f0332079f4358b16c58dc"
  integrity sha1-OD9Faya8lseInwMyB59DWLFsWNw=

accepts@~1.3.4:
  version "1.3.4"
  resolved "https://registry.yarnpkg.com/accepts/-/accepts-1.3.4.tgz#86246758c7dd6d21a6474ff084a4740ec05eb21f"
  dependencies:
    mime-types "~2.1.16"
    negotiator "0.6.1"

bytes@3.0.0:
  version "3.0.0"
  resolved "https://registry.yarnpkg.com/bytes/-/bytes-3.0.0.tgz#d32815404d689699f85a4ea4fa8755dd13a96048"

compressible@~2.0.11:
  version "2.0.12"
  resolved "https://registry.yarnpkg.com/compressible/-/compressible-2.0.12.tgz#c59a5c99db76767e9876500e271ef63b3493bd66"
  dependencies:
    mime-db ">= 1.30.0 < 2"

compression@^1.7.1:
  version "1.7.1"
  resolved "https://registry.yarnpkg.com/compression/-/compression-1.7.1.tgz#eff2603efc2e22cf86f35d2eb93589f9875373db"
  dependencies:
    accepts "~1.3.4"
    bytes "3.0.0"
    compressible "~2.0.11"
    debug "2.6.9"
    on-headers "~1.0.1"
    safe-buffer "5.1.1"
    vary "~1.1.2"

core-util-is@~1.0.0:
  version "1.0.2"
  resolved "https://registry.yarnpkg.com/core-util-is/-/core-util-is-1.0.2.tgz#b5fd54220aa2bc5ab57aab7140c940754503c1a7"
  integrity sha1-tf1UIgqivFq1eqtxQMlAdUUDwac=

debug@2.6.9, debug@^2.2.0:
  version "2.6.9"
  resolved "https://registry.yarnpkg.com/debug/-/debug-2.6.9.tgz#5d128515df134ff327e90a4c93f4e077a536341f"
  dependencies:
    ms "2.0.0"

decompress-response@^3.3.0:
  version "3.3.0"
  resolved "https://registry.yarnpkg.com/decompress-response/-/decompress-response-3.3.0.tgz#80a4dd323748384bfa248083622aedec982adff3"
  integrity sha1-gKTdMjdIOEv6JICDYirt7Jgq3/M=
  dependencies:
    mimic-response "^1.0.0"

depd@~1.1.0:
  version "1.1.1"
  resolved "https://registry.yarnpkg.com/depd/-/depd-1.1.1.tgz#5783b4e1c459f06fa5ca27f991f3d06e7a310359"

duplexer3@^0.1.4:
  version "0.1.4"
  resolved "https://registry.yarnpkg.com/duplexer3/-/duplexer3-0.1.4.tgz#ee01dd1cac0ed3cbc7fdbea37dc0a8f1ce002ce2"
  integrity sha1-7gHdHKwO08vH/b6jfcCo8c4ALOI=

from2@^2.1.1:
  version "2.3.0"
  resolved "https://registry.yarnpkg.com/from2/-/from2-2.3.0.tgz#8bfb5502bde4a4d36cfdeea007fcca21d7e382af"
  integrity sha1-i/tVAr3kpNNs/e6gB/zKIdfjgq8=
  dependencies:
    inherits "^2.0.1"
    readable-stream "^2.0.0"

get-stream@^3.0.0:
  version "3.0.0"
  resolved "https://registry.yarnpkg.com/get-stream/-/get-stream-3.0.0.tgz#8e943d1358dc37555054ecbe2edb05aa174ede14"
  integrity sha1-jpQ9E1jcN1VQVOy+LtsFqhdO3hQ=

got-lite@^8.0.1:
  version "8.0.1"
  resolved "https://registry.yarnpkg.com/got-lite/-/got-lite-8.0.1.tgz#a1dad4b478ff00dce74e35957c680e4c8cf0111a"
  integrity sha512-XMRuTVTiQzkPrjsDu+1GF/SoYusUdPXjRTuuiGBX2mqE4djU4aW9ea7E7p6kosCFNvLYW5bHmVvYT7J7WEmplQ==
  dependencies:
    "@sindresorhus/is" "^0.6.0"
    decompress-response "^3.3.0"
    duplexer3 "^0.1.4"
    get-stream "^3.0.0"
    into-stream "^3.1.0"
    is-retry-allowed "^1.1.0"
    isurl "^1.0.0-alpha5"
    lowercase-keys "^1.0.0"
    mimic-response "^1.0.0"
    p-cancelable "^0.3.0"
    p-timeout "^1.2.0"
    pify "^3.0.0"
    safe-buffer "^5.1.1"
    timed-out "^4.0.1"
    url-parse-lax "^3.0.0"
    url-to-options "^1.0.1"

has-symbol-support-x@^1.4.1:
  version "1.4.2"
  resolved "https://registry.yarnpkg.com/has-symbol-support-x/-/has-symbol-support-x-1.4.2.tgz#1409f98bc00247da45da67cee0a36f282ff26455"
  integrity sha512-3ToOva++HaW+eCpgqZrCfN51IPB+7bJNVT6CUATzueB5Heb8o6Nam0V3HG5dlDvZU1Gn5QLcbahiKw/XVk5JJw==

has-to-string-tag-x@^1.2.0:
  version "1.4.1"
  resolved "https://registry.yarnpkg.com/has-to-string-tag-x/-/has-to-string-tag-x-1.4.1.tgz#a045ab383d7b4b2012a00148ab0aa5f290044d4d"
  integrity sha512-vdbKfmw+3LoOYVr+mtxHaX5a96+0f3DljYd8JOqvOLsf5mw2Otda2qCDT9qRqLAhrjyQ0h7ual5nOiASpsGNFw==
  dependencies:
    has-symbol-support-x "^1.4.1"

inherits@^2.0.1, inherits@~2.0.3:
  version "2.0.3"
  resolved "https://registry.yarnpkg.com/inherits/-/inherits-2.0.3.tgz#633c2c83e3da42a502f52466022480f4208261de"
  integrity sha1-Yzwsg+PaQqUC9SRmAiSA9CCCYd4=

into-stream@^3.1.0:
  version "3.1.0"
  resolved "https://registry.yarnpkg.com/into-stream/-/into-stream-3.1.0.tgz#96fb0a936c12babd6ff1752a17d05616abd094c6"
  integrity sha1-lvsKk2wSur1v8XUqF9BWFqvQlMY=
  dependencies:
    from2 "^2.1.1"
    p-is-promise "^1.1.0"

is-object@^1.0.1:
  version "1.0.1"
  resolved "https://registry.yarnpkg.com/is-object/-/is-object-1.0.1.tgz#8952688c5ec2ffd6b03ecc85e769e02903083470"
  integrity sha1-iVJojF7C/9awPsyF52ngKQMINHA=

is-retry-allowed@^1.1.0:
  version "1.1.0"
  resolved "https://registry.yarnpkg.com/is-retry-allowed/-/is-retry-allowed-1.1.0.tgz#11a060568b67339444033d0125a61a20d564fb34"
  integrity sha1-EaBgVotnM5REAz0BJaYaINVk+zQ=

isarray@~1.0.0:
  version "1.0.0"
  resolved "https://registry.yarnpkg.com/isarray/-/isarray-1.0.0.tgz#bb935d48582cba168c06834957a54a3e07124f11"
  integrity sha1-u5NdSFgsuhaMBoNJV6VKPgcSTxE=

isurl@^1.0.0-alpha5:
  version "1.0.0"
  resolved "https://registry.yarnpkg.com/isurl/-/isurl-1.0.0.tgz#b27f4f49f3cdaa3ea44a0a5b7f3462e6edc39d67"
  integrity sha512-1P/yWsxPlDtn7QeRD+ULKQPaIaN6yF368GZ2vDfv0AL0NwpStafjWCDDdn0k8wgFMWpVAqG7oJhxHnlud42i9w==
  dependencies:
    has-to-string-tag-x "^1.2.0"
    is-object "^1.0.1"

lowercase-keys@^1.0.0:
  version "1.0.1"
  resolved "https://registry.yarnpkg.com/lowercase-keys/-/lowercase-keys-1.0.1.tgz#6f9e30b47084d971a7c820ff15a6c5167b74c26f"
  integrity sha512-G2Lj61tXDnVFFOi8VZds+SoQjtQC3dgokKdDG2mTm1tx4m50NUHBOZSBwQQHyy0V12A0JTG4icfZQH+xPyh8VA==

lru-cache@^4.0.2:
  version "4.1.5"
  resolved "https://registry.yarnpkg.com/lru-cache/-/lru-cache-4.1.5.tgz#8bbe50ea85bed59bc9e33dcab8235ee9bcf443cd"
  integrity sha512-sWZlbEP2OsHNkXrMl5GYk/jKk70MBng6UU4YI/qGDYbgf6YbP4EvmqISbXCoJiRKs+1bSpFHVgQxvJ17F2li5g==
  dependencies:
    pseudomap "^1.0.2"
    yallist "^2.1.2"

"mime-db@>= 1.30.0 < 2":
  version "1.31.0"
  resolved "https://registry.yarnpkg.com/mime-db/-/mime-db-1.31.0.tgz#a49cd8f3ebf3ed1a482b60561d9105ad40ca74cb"

mime-db@~1.30.0:
  version "1.30.0"
  resolved "https://registry.yarnpkg.com/mime-db/-/mime-db-1.30.0.tgz#74c643da2dd9d6a45399963465b26d5ca7d71f01"

mime-types@~2.1.16:
  version "2.1.17"
  resolved "https://registry.yarnpkg.com/mime-types/-/mime-types-2.1.17.tgz#09d7a393f03e995a79f8af857b70a9e0ab16557a"
  dependencies:
    mime-db "~1.30.0"

mimic-response@^1.0.0:
  version "1.0.1"
  resolved "https://registry.yarnpkg.com/mimic-response/-/mimic-response-1.0.1.tgz#4923538878eef42063cb8a3e3b0798781487ab1b"
  integrity sha512-j5EctnkH7amfV/q5Hgmoal1g2QHFJRraOtmx0JpIqkxhBhI/lJSl1nMpQ45hVarwNETOoWEimndZ4QK0RHxuxQ==

ms@2.0.0:
  version "2.0.0"
  resolved "https://registry.yarnpkg.com/ms/-/ms-2.0.0.tgz#5608aeadfc00be6c2901df5f9861788de0d597c8"

negotiator@0.6.1:
  version "0.6.1"
  resolved "https://registry.yarnpkg.com/negotiator/-/negotiator-0.6.1.tgz#2b327184e8992101177b28563fb5e7102acd0ca9"

on-headers@~1.0.1:
  version "1.0.1"
  resolved "https://registry.yarnpkg.com/on-headers/-/on-headers-1.0.1.tgz#928f5d0f470d49342651ea6794b0857c100693f7"

p-cancelable@^0.3.0:
  version "0.3.0"
  resolved "https://registry.yarnpkg.com/p-cancelable/-/p-cancelable-0.3.0.tgz#b9e123800bcebb7ac13a479be195b507b98d30fa"
  integrity sha512-RVbZPLso8+jFeq1MfNvgXtCRED2raz/dKpacfTNxsx6pLEpEomM7gah6VeHSYV3+vo0OAi4MkArtQcWWXuQoyw==

p-finally@^1.0.0:
  version "1.0.0"
  resolved "https://registry.yarnpkg.com/p-finally/-/p-finally-1.0.0.tgz#3fbcfb15b899a44123b34b6dcc18b724336a2cae"
  integrity sha1-P7z7FbiZpEEjs0ttzBi3JDNqLK4=

p-is-promise@^1.1.0:
  version "1.1.0"
  resolved "https://registry.yarnpkg.com/p-is-promise/-/p-is-promise-1.1.0.tgz#9c9456989e9f6588017b0434d56097675c3da05e"
  integrity sha1-nJRWmJ6fZYgBewQ01WCXZ1w9oF4=

p-timeout@^1.2.0:
  version "1.2.1"
  resolved "https://registry.yarnpkg.com/p-timeout/-/p-timeout-1.2.1.tgz#5eb3b353b7fce99f101a1038880bb054ebbea386"
  integrity sha1-XrOzU7f86Z8QGhA4iAuwVOu+o4Y=
  dependencies:
    p-finally "^1.0.0"

pify@^3.0.0:
  version "3.0.0"
  resolved "https://registry.yarnpkg.com/pify/-/pify-3.0.0.tgz#e5a4acd2c101fdf3d9a4d07f0dbc4db49dd28176"
  integrity sha1-5aSs0sEB/fPZpNB/DbxNtJ3SgXY=

prepend-http@^2.0.0:
  version "2.0.0"
  resolved "https://registry.yarnpkg.com/prepend-http/-/prepend-http-2.0.0.tgz#e92434bfa5ea8c19f41cdfd401d741a3c819d897"
  integrity sha1-6SQ0v6XqjBn0HN/UAddBo8gZ2Jc=

prerendercloud@1.37.2:
  version "1.37.2"
  resolved "https://registry.yarnpkg.com/prerendercloud/-/prerendercloud-1.37.2.tgz#39bce56db1aef2e48ba1b86e28b28a122286c626"
  integrity sha512-b1r9eugKwlDxN8/rNzfQbxZ5bJgdiz+wlh9X4k7NZVr3bsJjanCAkh0YIj2TsemXv1XH+97uhgX98P0lHwkUpQ==
  dependencies:
    debug "^2.2.0"
    got-lite "^8.0.1"
    lru-cache "^4.0.2"
    vary "^1.1.1"

process-nextick-args@~2.0.0:
  version "2.0.0"
  resolved "https://registry.yarnpkg.com/process-nextick-args/-/process-nextick-args-2.0.0.tgz#a37d732f4271b4ab1ad070d35508e8290788ffaa"
  integrity sha512-MtEC1TqN0EU5nephaJ4rAtThHtC86dNN9qCuEhtshvpVBkAW5ZO7BASN9REnF9eoXGcRub+pFuKEpOHE+HbEMw==

pseudomap@^1.0.2:
  version "1.0.2"
  resolved "https://registry.yarnpkg.com/pseudomap/-/pseudomap-1.0.2.tgz#f052a28da70e618917ef0a8ac34c1ae5a68286b3"
  integrity sha1-8FKijacOYYkX7wqKw0wa5aaChrM=

readable-stream@^2.0.0:
  version "2.3.6"
  resolved "https://registry.yarnpkg.com/readable-stream/-/readable-stream-2.3.6.tgz#b11c27d88b8ff1fbe070643cf94b0c79ae1b0aaf"
  integrity sha512-tQtKA9WIAhBF3+VLAseyMqZeBjW0AHJoxOtYqSUZNJxauErmLbVm2FW1y+J/YA9dUrAC39ITejlZWhVIwawkKw==
  dependencies:
    core-util-is "~1.0.0"
    inherits "~2.0.3"
    isarray "~1.0.0"
    process-nextick-args "~2.0.0"
    safe-buffer "~5.1.1"
    string_decoder "~1.1.1"
    util-deprecate "~1.0.1"

response-time@^2.3.2:
  version "2.3.2"
  resolved "https://registry.yarnpkg.com/response-time/-/response-time-2.3.2.tgz#ffa71bab952d62f7c1d49b7434355fbc68dffc5a"
  dependencies:
    depd "~1.1.0"
    on-headers "~1.0.1"

safe-buffer@5.1.1:
  version "5.1.1"
  resolved "https://registry.yarnpkg.com/safe-buffer/-/safe-buffer-5.1.1.tgz#893312af69b2123def71f57889001671eeb2c853"

safe-buffer@^5.1.1, safe-buffer@~5.1.0, safe-buffer@~5.1.1:
  version "5.1.2"
  resolved "https://registry.yarnpkg.com/safe-buffer/-/safe-buffer-5.1.2.tgz#991ec69d296e0313747d59bdfd2b745c35f8828d"
  integrity sha512-Gd2UZBJDkXlY7GbJxfsE8/nvKkUEU1G38c1siN6QP6a9PT9MmHB8GnpscSmMJSoF8LOIrt8ud/wPtojys4G6+g==

string_decoder@~1.1.1:
  version "1.1.1"
  resolved "https://registry.yarnpkg.com/string_decoder/-/string_decoder-1.1.1.tgz#9cf1611ba62685d7030ae9e4ba34149c3af03fc8"
  integrity sha512-n/ShnvDi6FHbbVfviro+WojiFzv+s8MPMHBczVePfUpDJLwoLT0ht1l4YwBCbi8pJAveEEdnkHyPyTP/mzRfwg==
  dependencies:
    safe-buffer "~5.1.0"

timed-out@^4.0.1:
  version "4.0.1"
  resolved "https://registry.yarnpkg.com/timed-out/-/timed-out-4.0.1.tgz#f32eacac5a175bea25d7fab565ab3ed8741ef56f"
  integrity sha1-8y6srFoXW+ol1/q1Zas+2HQe9W8=

url-parse-lax@^3.0.0:
  version "3.0.0"
  resolved "https://registry.yarnpkg.com/url-parse-lax/-/url-parse-lax-3.0.0.tgz#16b5cafc07dbe3676c1b1999177823d6503acb0c"
  integrity sha1-FrXK/Afb42dsGxmZF3gj1lA6yww=
  dependencies:
    prepend-http "^2.0.0"

url-to-options@^1.0.1:
  version "1.0.1"
  resolved "https://registry.yarnpkg.com/url-to-options/-/url-to-options-1.0.1.tgz#1505a03a289a48cbd7a434efbaeec5055f5633a9"
  integrity sha1-FQWgOiiaSMvXpDTvuu7FBV9WM6k=

util-deprecate@~1.0.1:
  version "1.0.2"
  resolved "https://registry.yarnpkg.com/util-deprecate/-/util-deprecate-1.0.2.tgz#450d4dc9fa70de732762fbd2d4a28981419a0ccf"
  integrity sha1-RQ1Nyfpw3nMnYvvS1KKJgUGaDM8=

vary@^1.1.1, vary@~1.1.2:
  version "1.1.2"
  resolved "https://registry.yarnpkg.com/vary/-/vary-1.1.2.tgz#2299f02c6ded30d4a5961b0b9f74524a18f634fc"

yallist@^2.1.2:
  version "2.1.2"
  resolved "https://registry.yarnpkg.com/yallist/-/yallist-2.1.2.tgz#1c11f9218f076089a47dd512f93c6699a6a81d52"
  integrity sha1-HBH5IY8HYImkfdUS+TxmmaaoHVI=
